# Generated by pub
# See https://dart.dev/tools/pub/glossary#lockfile
packages:
  async:
    dependency: transitive
    description:
      name: async
      sha256: "947bfcf187f74dbc5e146c9eb9c0f10c9f8b30743e341481c1e2ed3ecc18c20c"
      url: "https://pub.dev"
    source: hosted
    version: "2.11.0"
  boolean_selector:
    dependency: transitive
    description:
      name: boolean_selector
      sha256: "6cfb5af12253eaf2b368f07bacc5a80d1301a071c73360d746b7f2e32d762c66"
      url: "https://pub.dev"
    source: hosted
    version: "2.1.1"
  collection:
    dependency: transitive
    description:
      name: collection
      sha256: f092b211a4319e98e5ff58223576de6c2803db36221657b46c82574721240687
      url: "https://pub.dev"
    source: hosted
    version: "1.17.2"
  exception_templates:
    dependency: transitive
    description:
      name: exception_templates
      sha256: e9303fd16ecdb845a14b397cb93476f807dd2b4706f5ee44f708dbc95c256c33
      url: "https://pub.dev"
    source: hosted
    version: "0.2.4"
  lazy_memo:
    dependency: transitive
    description:
      name: lazy_memo
      sha256: "6fb4c5afcf0060c095cdd8632c958522062b86d6c2712a5c4feab2faf71d41a5"
      url: "https://pub.dev"
    source: hosted
    version: "0.1.7"
  list_operators:
    dependency: transitive
    description:
      name: list_operators
      sha256: "25f630709110b04c51bc2d3f131c694d72d109cb3e653f84fc61d72b4179a51f"
      url: "https://pub.dev"
    source: hosted
    version: "0.4.3"
  matcher:
    dependency: transitive
    description:
      name: matcher
      sha256: "1803e76e6653768d64ed8ff2e1e67bea3ad4b923eb5c56a295c3e634bad5960e"
      url: "https://pub.dev"
    source: hosted
    version: "0.12.16"
  meta:
    dependency: transitive
    description:
      name: meta
      sha256: "3c74dbf8763d36539f114c799d8a2d87343b5067e9d796ca22b5eb8437090ee3"
      url: "https://pub.dev"
    source: hosted
    version: "1.9.1"
  normal:
    dependency: "direct main"
    description:
      name: normal
      sha256: ff388c26b5011193034ec6564f2d049b5a226fced620ea63777ec8e6f80a9f9f
      url: "https://pub.dev"
    source: hosted
    version: "0.6.0"
  path:
    dependency: transitive
    description:
      name: path
      sha256: "8829d8a55c13fc0e37127c29fedf290c102f4e40ae94ada574091fe0ff96c917"
      url: "https://pub.dev"
    source: hosted
    version: "1.8.3"
  sample_statistics:
    dependency: "direct main"
    description:
      name: sample_statistics
      sha256: "5c2f4111c0511ce5d4762580c2aa8b97d42e8ffe20da291279c913d6df8c1e10"
      url: "https://pub.dev"
    source: hosted
    version: "0.1.3"
  simulated_annealing:
    dependency: transitive
    description:
      name: simulated_annealing
      sha256: "1eab3eb43fbd58d190f631d07fbc317105eb7775b0997d465844f04945d8b46c"
      url: "https://pub.dev"
    source: hosted
    version: "0.3.8"
  source_span:
    dependency: transitive
    description:
      name: source_span
      sha256: "53e943d4206a5e30df338fd4c6e7a077e02254531b138a15aec3bd143c1a8b3c"
      url: "https://pub.dev"
    source: hosted
    version: "1.10.0"
  stack_trace:
    dependency: transitive
    description:
      name: stack_trace
      sha256: c3c7d8edb15bee7f0f74debd4b9c5f3c2ea86766fe4178eb2a18eb30a0bdaed5
      url: "https://pub.dev"
    source: hosted
    version: "1.11.0"
  stream_channel:
    dependency: transitive
    description:
      name: stream_channel
      sha256: "83615bee9045c1d322bbbd1ba209b7a749c2cbcdcb3fdd1df8eb488b3279c1c8"
      url: "https://pub.dev"
    source: hosted
    version: "2.1.1"
  string_scanner:
    dependency: transitive
    description:
      name: string_scanner
      sha256: "556692adab6cfa87322a115640c11f13cb77b3f076ddcc5d6ae3c20242bedcde"
      url: "https://pub.dev"
    source: hosted
    version: "1.2.0"
  term_glyph:
    dependency: transitive
    description:
      name: term_glyph
      sha256: a29248a84fbb7c79282b40b8c72a1209db169a2e0542bce341da992fe1bc7e84
      url: "https://pub.dev"
    source: hosted
    version: "1.2.1"
  test_api:
    dependency: transitive
    description:
      name: test_api
      sha256: "75760ffd7786fffdfb9597c35c5b27eaeec82be8edfb6d71d32651128ed7aab8"
      url: "https://pub.dev"
    source: hosted
    version: "0.6.0"
sdks:
  dart: ">=2.19.0 <3.0.0"
